
Microsoft Visual Studio Solution File, Format Version 12.00
# Visual Studio 15
VisualStudioVersion = 15.0.28307.852
MinimumVisualStudioVersion = 10.0.40219.1
Project("{F184B08F-C81C-45F6-A57F-5ABD9991F28F}") = "FIXMT51", "FIXMT51.vbproj", "{EBCA910B-9832-4F3C-A8A4-7977D1180AFA}"
EndProject
Global
	GlobalSection(SolutionConfigurationPlatforms) = preSolution
		Debug|Any CPU = Debug|Any CPU
		Release|Any CPU = Release|Any CPU
	EndGlobalSection
	GlobalSection(ProjectConfigurationPlatforms) = postSolution
		{EBCA910B-9832-4F3C-A8A4-7977D1180AFA}.Debug|Any CPU.ActiveCfg = Debug|Any CPU
		{EBCA910B-9832-4F3C-A8A4-7977D1180AFA}.Debug|Any CPU.Build.0 = Debug|Any CPU
		{EBCA910B-9832-4F3C-A8A4-7977D1180AFA}.Release|Any CPU.ActiveCfg = Release|Any CPU
		{EBCA910B-9832-4F3C-A8A4-7977D1180AFA}.Release|Any CPU.Build.0 = Release|Any CPU
	EndGlobalSection
	GlobalSection(SolutionProperties) = preSolution
		HideSolutionNode = FALSE
	EndGlobalSection
	GlobalSection(ExtensibilityGlobals) = postSolution
		SolutionGuid = {F5699465-3252-4E0C-9943-FEEAE61E883F}
	EndGlobalSection
EndGlobal
