
Microsoft Visual Studio Solution File, Format Version 12.00
# Visual Studio 15
VisualStudioVersion = 15.0.28307.852
MinimumVisualStudioVersion = 10.0.40219.1
Project("{F184B08F-C81C-45F6-A57F-5ABD9991F28F}") = "KNGMT51", "KNGMT51.vbproj", "{F07F2844-32CA-41AD-B1E3-75B9A1383F0E}"
EndProject
Global
	GlobalSection(SolutionConfigurationPlatforms) = preSolution
		Debug|Any CPU = Debug|Any CPU
		Release|Any CPU = Release|Any CPU
	EndGlobalSection
	GlobalSection(ProjectConfigurationPlatforms) = postSolution
		{F07F2844-32CA-41AD-B1E3-75B9A1383F0E}.Debug|Any CPU.ActiveCfg = Debug|Any CPU
		{F07F2844-32CA-41AD-B1E3-75B9A1383F0E}.Debug|Any CPU.Build.0 = Debug|Any CPU
		{F07F2844-32CA-41AD-B1E3-75B9A1383F0E}.Release|Any CPU.ActiveCfg = Release|Any CPU
		{F07F2844-32CA-41AD-B1E3-75B9A1383F0E}.Release|Any CPU.Build.0 = Release|Any CPU
	EndGlobalSection
	GlobalSection(SolutionProperties) = preSolution
		HideSolutionNode = FALSE
	EndGlobalSection
	GlobalSection(ExtensibilityGlobals) = postSolution
		SolutionGuid = {602069E6-2407-4F83-A375-2F1AF8396445}
	EndGlobalSection
EndGlobal
