
Microsoft Visual Studio Solution File, Format Version 12.00
# Visual Studio 15
VisualStudioVersion = 15.0.28307.438
MinimumVisualStudioVersion = 10.0.40219.1
Project("{F184B08F-C81C-45F6-A57F-5ABD9991F28F}") = "TOKMT55", "TOKMT55.vbproj", "{8CA45B75-9A82-408D-8111-1CCE15BDCFE8}"
EndProject
Global
	GlobalSection(SolutionConfigurationPlatforms) = preSolution
		Debug|Any CPU = Debug|Any CPU
		Release|Any CPU = Release|Any CPU
	EndGlobalSection
	GlobalSection(ProjectConfigurationPlatforms) = postSolution
		{8CA45B75-9A82-408D-8111-1CCE15BDCFE8}.Debug|Any CPU.ActiveCfg = Debug|Any CPU
		{8CA45B75-9A82-408D-8111-1CCE15BDCFE8}.Debug|Any CPU.Build.0 = Debug|Any CPU
		{8CA45B75-9A82-408D-8111-1CCE15BDCFE8}.Release|Any CPU.ActiveCfg = Release|Any CPU
		{8CA45B75-9A82-408D-8111-1CCE15BDCFE8}.Release|Any CPU.Build.0 = Release|Any CPU
	EndGlobalSection
	GlobalSection(SolutionProperties) = preSolution
		HideSolutionNode = FALSE
	EndGlobalSection
	GlobalSection(ExtensibilityGlobals) = postSolution
		SolutionGuid = {C5CF97D3-68AB-4674-86DF-AB93F9C92153}
	EndGlobalSection
EndGlobal
