
Microsoft Visual Studio Solution File, Format Version 12.00
# Visual Studio 15
VisualStudioVersion = 15.0.28307.852
MinimumVisualStudioVersion = 10.0.40219.1
Project("{F184B08F-C81C-45F6-A57F-5ABD9991F28F}") = "IDOPR53", "IDOPR53.vbproj", "{B192686E-6E36-460A-8411-250E57D163CD}"
EndProject
Global
	GlobalSection(SolutionConfigurationPlatforms) = preSolution
		Debug|Any CPU = Debug|Any CPU
		Release|Any CPU = Release|Any CPU
	EndGlobalSection
	GlobalSection(ProjectConfigurationPlatforms) = postSolution
		{B192686E-6E36-460A-8411-250E57D163CD}.Debug|Any CPU.ActiveCfg = Debug|Any CPU
		{B192686E-6E36-460A-8411-250E57D163CD}.Debug|Any CPU.Build.0 = Debug|Any CPU
		{B192686E-6E36-460A-8411-250E57D163CD}.Release|Any CPU.ActiveCfg = Release|Any CPU
		{B192686E-6E36-460A-8411-250E57D163CD}.Release|Any CPU.Build.0 = Release|Any CPU
	EndGlobalSection
	GlobalSection(SolutionProperties) = preSolution
		HideSolutionNode = FALSE
	EndGlobalSection
	GlobalSection(ExtensibilityGlobals) = postSolution
		SolutionGuid = {52805BC5-830A-4F23-82F4-D96E999D532B}
	EndGlobalSection
EndGlobal
