
Microsoft Visual Studio Solution File, Format Version 12.00
# Visual Studio 15
VisualStudioVersion = 15.0.28307.438
MinimumVisualStudioVersion = 10.0.40219.1
Project("{F184B08F-C81C-45F6-A57F-5ABD9991F28F}") = "MEIMT52", "MEIMT52.vbproj", "{7CD808F2-7946-44D5-B05F-4E593E98C644}"
EndProject
Global
	GlobalSection(SolutionConfigurationPlatforms) = preSolution
		Debug|Any CPU = Debug|Any CPU
		Release|Any CPU = Release|Any CPU
	EndGlobalSection
	GlobalSection(ProjectConfigurationPlatforms) = postSolution
		{7CD808F2-7946-44D5-B05F-4E593E98C644}.Debug|Any CPU.ActiveCfg = Debug|Any CPU
		{7CD808F2-7946-44D5-B05F-4E593E98C644}.Debug|Any CPU.Build.0 = Debug|Any CPU
		{7CD808F2-7946-44D5-B05F-4E593E98C644}.Release|Any CPU.ActiveCfg = Release|Any CPU
		{7CD808F2-7946-44D5-B05F-4E593E98C644}.Release|Any CPU.Build.0 = Release|Any CPU
	EndGlobalSection
	GlobalSection(SolutionProperties) = preSolution
		HideSolutionNode = FALSE
	EndGlobalSection
	GlobalSection(ExtensibilityGlobals) = postSolution
		SolutionGuid = {E26B11C4-F610-4844-9D60-30EF6884C868}
	EndGlobalSection
EndGlobal
