
Microsoft Visual Studio Solution File, Format Version 9.00
# Visual Studio 2005
Project("{F184B08F-C81C-45F6-A57F-5ABD9991F28F}") = "IDOPR52", "IDOPR52.vbproj", "{F36862A4-2841-4909-A482-77EDF3D31A0D}"
EndProject
Global
	GlobalSection(SolutionConfigurationPlatforms) = preSolution
		Debug|Any CPU = Debug|Any CPU
		Release|Any CPU = Release|Any CPU
	EndGlobalSection
	GlobalSection(ProjectConfigurationPlatforms) = postSolution
		{F36862A4-2841-4909-A482-77EDF3D31A0D}.Debug|Any CPU.ActiveCfg = Debug|Any CPU
		{F36862A4-2841-4909-A482-77EDF3D31A0D}.Debug|Any CPU.Build.0 = Debug|Any CPU
		{F36862A4-2841-4909-A482-77EDF3D31A0D}.Release|Any CPU.ActiveCfg = Release|Any CPU
		{F36862A4-2841-4909-A482-77EDF3D31A0D}.Release|Any CPU.Build.0 = Release|Any CPU
	EndGlobalSection
	GlobalSection(SolutionProperties) = preSolution
		HideSolutionNode = FALSE
	EndGlobalSection
EndGlobal
