
Microsoft Visual Studio Solution File, Format Version 12.00
# Visual Studio 15
VisualStudioVersion = 15.0.28307.852
MinimumVisualStudioVersion = 10.0.40219.1
Project("{F184B08F-C81C-45F6-A57F-5ABD9991F28F}") = "SRAET52", "SRAET52.vbproj", "{2366C8C9-BE68-4584-93F1-B5117DC429AA}"
EndProject
Global
	GlobalSection(SolutionConfigurationPlatforms) = preSolution
		Debug|Any CPU = Debug|Any CPU
		Release|Any CPU = Release|Any CPU
	EndGlobalSection
	GlobalSection(ProjectConfigurationPlatforms) = postSolution
		{2366C8C9-BE68-4584-93F1-B5117DC429AA}.Debug|Any CPU.ActiveCfg = Debug|Any CPU
		{2366C8C9-BE68-4584-93F1-B5117DC429AA}.Debug|Any CPU.Build.0 = Debug|Any CPU
		{2366C8C9-BE68-4584-93F1-B5117DC429AA}.Release|Any CPU.ActiveCfg = Release|Any CPU
		{2366C8C9-BE68-4584-93F1-B5117DC429AA}.Release|Any CPU.Build.0 = Release|Any CPU
	EndGlobalSection
	GlobalSection(SolutionProperties) = preSolution
		HideSolutionNode = FALSE
	EndGlobalSection
	GlobalSection(ExtensibilityGlobals) = postSolution
		SolutionGuid = {8E36A349-B1C3-49F8-8DCF-C224052EAF9F}
	EndGlobalSection
EndGlobal
