
Microsoft Visual Studio Solution File, Format Version 12.00
# Visual Studio 15
VisualStudioVersion = 15.0.28307.438
MinimumVisualStudioVersion = 10.0.40219.1
Project("{F184B08F-C81C-45F6-A57F-5ABD9991F28F}") = "TNAPR82", "TNAPR82.vbproj", "{EDA28685-F03E-4E6B-8B5E-5E39C8DCFDE3}"
EndProject
Global
	GlobalSection(SolutionConfigurationPlatforms) = preSolution
		Debug|Any CPU = Debug|Any CPU
		Release|Any CPU = Release|Any CPU
	EndGlobalSection
	GlobalSection(ProjectConfigurationPlatforms) = postSolution
		{EDA28685-F03E-4E6B-8B5E-5E39C8DCFDE3}.Debug|Any CPU.ActiveCfg = Debug|Any CPU
		{EDA28685-F03E-4E6B-8B5E-5E39C8DCFDE3}.Debug|Any CPU.Build.0 = Debug|Any CPU
		{EDA28685-F03E-4E6B-8B5E-5E39C8DCFDE3}.Release|Any CPU.ActiveCfg = Release|Any CPU
		{EDA28685-F03E-4E6B-8B5E-5E39C8DCFDE3}.Release|Any CPU.Build.0 = Release|Any CPU
	EndGlobalSection
	GlobalSection(SolutionProperties) = preSolution
		HideSolutionNode = FALSE
	EndGlobalSection
	GlobalSection(ExtensibilityGlobals) = postSolution
		SolutionGuid = {9395F23D-0E98-43B0-B210-488507888F66}
	EndGlobalSection
EndGlobal
