
Microsoft Visual Studio Solution File, Format Version 12.00
# Visual Studio 15
VisualStudioVersion = 15.0.28307.438
MinimumVisualStudioVersion = 10.0.40219.1
Project("{F184B08F-C81C-45F6-A57F-5ABD9991F28F}") = "TNAPR81", "TNAPR81.vbproj", "{A04AA6C5-ACC2-4B14-A073-AD91E01D89A6}"
EndProject
Global
	GlobalSection(SolutionConfigurationPlatforms) = preSolution
		Debug|Any CPU = Debug|Any CPU
		Release|Any CPU = Release|Any CPU
	EndGlobalSection
	GlobalSection(ProjectConfigurationPlatforms) = postSolution
		{A04AA6C5-ACC2-4B14-A073-AD91E01D89A6}.Debug|Any CPU.ActiveCfg = Debug|Any CPU
		{A04AA6C5-ACC2-4B14-A073-AD91E01D89A6}.Debug|Any CPU.Build.0 = Debug|Any CPU
		{A04AA6C5-ACC2-4B14-A073-AD91E01D89A6}.Release|Any CPU.ActiveCfg = Release|Any CPU
		{A04AA6C5-ACC2-4B14-A073-AD91E01D89A6}.Release|Any CPU.Build.0 = Release|Any CPU
	EndGlobalSection
	GlobalSection(SolutionProperties) = preSolution
		HideSolutionNode = FALSE
	EndGlobalSection
	GlobalSection(ExtensibilityGlobals) = postSolution
		SolutionGuid = {5D74D349-8DCB-41CE-A3C3-E543B35DECC8}
	EndGlobalSection
EndGlobal
