
Microsoft Visual Studio Solution File, Format Version 12.00
# Visual Studio 15
VisualStudioVersion = 15.0.28307.438
MinimumVisualStudioVersion = 10.0.40219.1
Project("{F184B08F-C81C-45F6-A57F-5ABD9991F28F}") = "TNADL52", "TNADL52.vbproj", "{78BE749C-F1B6-425D-B454-8F8D9687C211}"
EndProject
Global
	GlobalSection(SolutionConfigurationPlatforms) = preSolution
		Debug|Any CPU = Debug|Any CPU
		Release|Any CPU = Release|Any CPU
	EndGlobalSection
	GlobalSection(ProjectConfigurationPlatforms) = postSolution
		{78BE749C-F1B6-425D-B454-8F8D9687C211}.Debug|Any CPU.ActiveCfg = Debug|Any CPU
		{78BE749C-F1B6-425D-B454-8F8D9687C211}.Debug|Any CPU.Build.0 = Debug|Any CPU
		{78BE749C-F1B6-425D-B454-8F8D9687C211}.Release|Any CPU.ActiveCfg = Release|Any CPU
		{78BE749C-F1B6-425D-B454-8F8D9687C211}.Release|Any CPU.Build.0 = Release|Any CPU
	EndGlobalSection
	GlobalSection(SolutionProperties) = preSolution
		HideSolutionNode = FALSE
	EndGlobalSection
	GlobalSection(ExtensibilityGlobals) = postSolution
		SolutionGuid = {5FFE7EEE-0DF3-444B-89D1-2FDC54318F93}
	EndGlobalSection
EndGlobal
