
Microsoft Visual Studio Solution File, Format Version 12.00
# Visual Studio 15
VisualStudioVersion = 15.0.28307.852
MinimumVisualStudioVersion = 10.0.40219.1
Project("{F184B08F-C81C-45F6-A57F-5ABD9991F28F}") = "URKPR52", "URKPR52.vbproj", "{7E9ADF83-DDE5-4362-B41A-D74D943A9CE5}"
EndProject
Global
	GlobalSection(SolutionConfigurationPlatforms) = preSolution
		Debug|Any CPU = Debug|Any CPU
		Release|Any CPU = Release|Any CPU
	EndGlobalSection
	GlobalSection(ProjectConfigurationPlatforms) = postSolution
		{7E9ADF83-DDE5-4362-B41A-D74D943A9CE5}.Debug|Any CPU.ActiveCfg = Debug|Any CPU
		{7E9ADF83-DDE5-4362-B41A-D74D943A9CE5}.Debug|Any CPU.Build.0 = Debug|Any CPU
		{7E9ADF83-DDE5-4362-B41A-D74D943A9CE5}.Release|Any CPU.ActiveCfg = Release|Any CPU
		{7E9ADF83-DDE5-4362-B41A-D74D943A9CE5}.Release|Any CPU.Build.0 = Release|Any CPU
	EndGlobalSection
	GlobalSection(SolutionProperties) = preSolution
		HideSolutionNode = FALSE
	EndGlobalSection
	GlobalSection(ExtensibilityGlobals) = postSolution
		SolutionGuid = {4D0385FD-5EA4-46DB-9D87-FC7AB5199944}
	EndGlobalSection
EndGlobal
