
Microsoft Visual Studio Solution File, Format Version 12.00
# Visual Studio 15
VisualStudioVersion = 15.0.28307.421
MinimumVisualStudioVersion = 10.0.40219.1
Project("{F184B08F-C81C-45F6-A57F-5ABD9991F28F}") = "HINFP62", "HINFP62.vbproj", "{E8861E06-0939-4295-8B4D-ED4B4F36D7BF}"
EndProject
Global
	GlobalSection(SolutionConfigurationPlatforms) = preSolution
		Debug|Any CPU = Debug|Any CPU
		Release|Any CPU = Release|Any CPU
	EndGlobalSection
	GlobalSection(ProjectConfigurationPlatforms) = postSolution
		{E8861E06-0939-4295-8B4D-ED4B4F36D7BF}.Debug|Any CPU.ActiveCfg = Debug|Any CPU
		{E8861E06-0939-4295-8B4D-ED4B4F36D7BF}.Debug|Any CPU.Build.0 = Debug|Any CPU
		{E8861E06-0939-4295-8B4D-ED4B4F36D7BF}.Release|Any CPU.ActiveCfg = Release|Any CPU
		{E8861E06-0939-4295-8B4D-ED4B4F36D7BF}.Release|Any CPU.Build.0 = Release|Any CPU
	EndGlobalSection
	GlobalSection(SolutionProperties) = preSolution
		HideSolutionNode = FALSE
	EndGlobalSection
	GlobalSection(ExtensibilityGlobals) = postSolution
		SolutionGuid = {3AF234EA-08F7-46A5-AE75-9A4A358B4A85}
	EndGlobalSection
EndGlobal
